// !$*UTF8*$!
{
	archiveVersion = 1;
	classes = {
	};
	objectVersion = 51;
	objects = {

/* Begin PBXBuildFile section */
		649056F725E1274100BC6388 /* AppDelegate.swift in Sources */ = {isa = PBXBuildFile; fileRef = 649056F625E1274100BC6388 /* AppDelegate.swift */; };
		649056F925E1274100BC6388 /* SceneDelegate.swift in Sources */ = {isa = PBXBuildFile; fileRef = 649056F825E1274100BC6388 /* SceneDelegate.swift */; };
		649056FB25E1274100BC6388 /* WeatherViewController.swift in Sources */ = {isa = PBXBuildFile; fileRef = 649056FA25E1274100BC6388 /* WeatherViewController.swift */; };
		649056FE25E1274100BC6388 /* Main.storyboard in Resources */ = {isa = PBXBuildFile; fileRef = 649056FC25E1274100BC6388 /* Main.storyboard */; };
		6490570025E1274500BC6388 /* Assets.xcassets in Resources */ = {isa = PBXBuildFile; fileRef = 649056FF25E1274500BC6388 /* Assets.xcassets */; };
		6490570325E1274500BC6388 /* LaunchScreen.storyboard in Resources */ = {isa = PBXBuildFile; fileRef = 6490570125E1274500BC6388 /* LaunchScreen.storyboard */; };
		6490570D25E137EA00BC6388 /* WeatherData.swift in Sources */ = {isa = PBXBuildFile; fileRef = 6490570C25E137EA00BC6388 /* WeatherData.swift */; };
		6490570F25E13A0400BC6388 /* WeatherManager.swift in Sources */ = {isa = PBXBuildFile; fileRef = 6490570E25E13A0400BC6388 /* WeatherManager.swift */; };
		6490571225E1C2FF00BC6388 /* Double+Extensions.swift in Sources */ = {isa = PBXBuildFile; fileRef = 6490571125E1C2FF00BC6388 /* Double+Extensions.swift */; };
		6490571725E1D7CF00BC6388 /* AddCityViewController.swift in Sources */ = {isa = PBXBuildFile; fileRef = 6490571625E1D7CF00BC6388 /* AddCityViewController.swift */; };
		6490571925E25E2E00BC6388 /* Int+Extensions.swift in Sources */ = {isa = PBXBuildFile; fileRef = 6490571825E25E2E00BC6388 /* Int+Extensions.swift */; };
		6490571B25E3E0FA00BC6388 /* WeatherDataFailure.swift in Sources */ = {isa = PBXBuildFile; fileRef = 6490571A25E3E0FA00BC6388 /* WeatherDataFailure.swift */; };
		C7FD747816D27B5CD6FBD446 /* Pods_weatherApp.framework in Frameworks */ = {isa = PBXBuildFile; fileRef = 4A9007FAFD098CBD27608A36 /* Pods_weatherApp.framework */; };
/* End PBXBuildFile section */

/* Begin PBXFileReference section */
		09563DDC29A566964158C442 /* Pods-weatherApp.debug.xcconfig */ = {isa = PBXFileReference; includeInIndex = 1; lastKnownFileType = text.xcconfig; name = "Pods-weatherApp.debug.xcconfig"; path = "Target Support Files/Pods-weatherApp/Pods-weatherApp.debug.xcconfig"; sourceTree = "<group>"; };
		4A9007FAFD098CBD27608A36 /* Pods_weatherApp.framework */ = {isa = PBXFileReference; explicitFileType = wrapper.framework; includeInIndex = 0; path = Pods_weatherApp.framework; sourceTree = BUILT_PRODUCTS_DIR; };
		649056F325E1274100BC6388 /* Amber Weather.app */ = {isa = PBXFileReference; explicitFileType = wrapper.application; includeInIndex = 0; path = "Amber Weather.app"; sourceTree = BUILT_PRODUCTS_DIR; };
		649056F625E1274100BC6388 /* AppDelegate.swift */ = {isa = PBXFileReference; lastKnownFileType = sourcecode.swift; path = AppDelegate.swift; sourceTree = "<group>"; };
		649056F825E1274100BC6388 /* SceneDelegate.swift */ = {isa = PBXFileReference; lastKnownFileType = sourcecode.swift; path = SceneDelegate.swift; sourceTree = "<group>"; };
		649056FA25E1274100BC6388 /* WeatherViewController.swift */ = {isa = PBXFileReference; lastKnownFileType = sourcecode.swift; path = WeatherViewController.swift; sourceTree = "<group>"; };
		649056FD25E1274100BC6388 /* Base */ = {isa = PBXFileReference; lastKnownFileType = file.storyboard; name = Base; path = Base.lproj/Main.storyboard; sourceTree = "<group>"; };
		649056FF25E1274500BC6388 /* Assets.xcassets */ = {isa = PBXFileReference; lastKnownFileType = folder.assetcatalog; path = Assets.xcassets; sourceTree = "<group>"; };
		6490570225E1274500BC6388 /* Base */ = {isa = PBXFileReference; lastKnownFileType = file.storyboard; name = Base; path = Base.lproj/LaunchScreen.storyboard; sourceTree = "<group>"; };
		6490570425E1274500BC6388 /* Info.plist */ = {isa = PBXFileReference; lastKnownFileType = text.plist.xml; path = Info.plist; sourceTree = "<group>"; };
		6490570C25E137EA00BC6388 /* WeatherData.swift */ = {isa = PBXFileReference; lastKnownFileType = sourcecode.swift; path = WeatherData.swift; sourceTree = "<group>"; };
		6490570E25E13A0400BC6388 /* WeatherManager.swift */ = {isa = PBXFileReference; lastKnownFileType = sourcecode.swift; path = WeatherManager.swift; sourceTree = "<group>"; };
		6490571125E1C2FF00BC6388 /* Double+Extensions.swift */ = {isa = PBXFileReference; lastKnownFileType = sourcecode.swift; path = "Double+Extensions.swift"; sourceTree = "<group>"; };
		6490571625E1D7CF00BC6388 /* AddCityViewController.swift */ = {isa = PBXFileReference; lastKnownFileType = sourcecode.swift; path = AddCityViewController.swift; sourceTree = "<group>"; };
		6490571825E25E2E00BC6388 /* Int+Extensions.swift */ = {isa = PBXFileReference; lastKnownFileType = sourcecode.swift; path = "Int+Extensions.swift"; sourceTree = "<group>"; };
		6490571A25E3E0FA00BC6388 /* WeatherDataFailure.swift */ = {isa = PBXFileReference; lastKnownFileType = sourcecode.swift; path = WeatherDataFailure.swift; sourceTree = "<group>"; };
		BE8B8601D4F739293D3AECBB /* Pods-weatherApp.release.xcconfig */ = {isa = PBXFileReference; includeInIndex = 1; lastKnownFileType = text.xcconfig; name = "Pods-weatherApp.release.xcconfig"; path = "Target Support Files/Pods-weatherApp/Pods-weatherApp.release.xcconfig"; sourceTree = "<group>"; };
/* End PBXFileReference section */

/* Begin PBXFrameworksBuildPhase section */
		649056F025E1274100BC6388 /* Frameworks */ = {
			isa = PBXFrameworksBuildPhase;
			buildActionMask = 2147483647;
			files = (
				C7FD747816D27B5CD6FBD446 /* Pods_weatherApp.framework in Frameworks */,
			);
			runOnlyForDeploymentPostprocessing = 0;
		};
/* End PBXFrameworksBuildPhase section */

/* Begin PBXGroup section */
		649056EA25E1274100BC6388 = {
			isa = PBXGroup;
			children = (
				649056F525E1274100BC6388 /* weatherApp */,
				649056F425E1274100BC6388 /* Products */,
				823CE0DED024CF8310C31174 /* Pods */,
				A6E53F1E0D48BA4A10488DEB /* Frameworks */,
			);
			sourceTree = "<group>";
		};
		649056F425E1274100BC6388 /* Products */ = {
			isa = PBXGroup;
			children = (
				649056F325E1274100BC6388 /* Amber Weather.app */,
			);
			name = Products;
			sourceTree = "<group>";
		};
		649056F525E1274100BC6388 /* weatherApp */ = {
			isa = PBXGroup;
			children = (
				6490571325E1D64300BC6388 /* controller */,
				6490571025E1C2D000BC6388 /* Extensions */,
				6490570A25E1376B00BC6388 /* Model */,
				6490570B25E1377D00BC6388 /* Manager */,
				649056F625E1274100BC6388 /* AppDelegate.swift */,
				649056F825E1274100BC6388 /* SceneDelegate.swift */,
				649056FC25E1274100BC6388 /* Main.storyboard */,
				649056FF25E1274500BC6388 /* Assets.xcassets */,
				6490570125E1274500BC6388 /* LaunchScreen.storyboard */,
				6490570425E1274500BC6388 /* Info.plist */,
			);
			path = weatherApp;
			sourceTree = "<group>";
		};
		6490570A25E1376B00BC6388 /* Model */ = {
			isa = PBXGroup;
			children = (
				6490570C25E137EA00BC6388 /* WeatherData.swift */,
				6490571A25E3E0FA00BC6388 /* WeatherDataFailure.swift */,
			);
			path = Model;
			sourceTree = "<group>";
		};
		6490570B25E1377D00BC6388 /* Manager */ = {
			isa = PBXGroup;
			children = (
				6490570E25E13A0400BC6388 /* WeatherManager.swift */,
			);
			path = Manager;
			sourceTree = "<group>";
		};
		6490571025E1C2D000BC6388 /* Extensions */ = {
			isa = PBXGroup;
			children = (
				6490571125E1C2FF00BC6388 /* Double+Extensions.swift */,
				6490571825E25E2E00BC6388 /* Int+Extensions.swift */,
			);
			path = Extensions;
			sourceTree = "<group>";
		};
		6490571325E1D64300BC6388 /* controller */ = {
			isa = PBXGroup;
			children = (
				6490571625E1D7CF00BC6388 /* AddCityViewController.swift */,
				649056FA25E1274100BC6388 /* WeatherViewController.swift */,
			);
			path = controller;
			sourceTree = "<group>";
		};
		823CE0DED024CF8310C31174 /* Pods */ = {
			isa = PBXGroup;
			children = (
				09563DDC29A566964158C442 /* Pods-weatherApp.debug.xcconfig */,
				BE8B8601D4F739293D3AECBB /* Pods-weatherApp.release.xcconfig */,
			);
			path = Pods;
			sourceTree = "<group>";
		};
		A6E53F1E0D48BA4A10488DEB /* Frameworks */ = {
			isa = PBXGroup;
			children = (
				4A9007FAFD098CBD27608A36 /* Pods_weatherApp.framework */,
			);
			name = Frameworks;
			sourceTree = "<group>";
		};
/* End PBXGroup section */

/* Begin PBXNativeTarget section */
		649056F225E1274100BC6388 /* weatherApp */ = {
			isa = PBXNativeTarget;
			buildConfigurationList = 6490570725E1274500BC6388 /* Build configuration list for PBXNativeTarget "weatherApp" */;
			buildPhases = (
				48B5ECE603765A51C5CEFB98 /* [CP] Check Pods Manifest.lock */,
				649056EF25E1274100BC6388 /* Sources */,
				649056F025E1274100BC6388 /* Frameworks */,
				649056F125E1274100BC6388 /* Resources */,
				BFD3C1039EDDDBB22CB985A1 /* [CP] Embed Pods Frameworks */,
			);
			buildRules = (
			);
			dependencies = (
			);
			name = weatherApp;
			productName = weatherApp;
			productReference = 649056F325E1274100BC6388 /* Amber Weather.app */;
			productType = "com.apple.product-type.application";
		};
/* End PBXNativeTarget section */

/* Begin PBXProject section */
		649056EB25E1274100BC6388 /* Project object */ = {
			isa = PBXProject;
			attributes = {
				LastSwiftUpdateCheck = 1130;
				LastUpgradeCheck = 1130;
				ORGANIZATIONNAME = Sifa;
				TargetAttributes = {
					649056F225E1274100BC6388 = {
						CreatedOnToolsVersion = 11.3.1;
					};
				};
			};
			buildConfigurationList = 649056EE25E1274100BC6388 /* Build configuration list for PBXProject "weatherApp" */;
			compatibilityVersion = "Xcode 9.3";
			developmentRegion = en;
			hasScannedForEncodings = 0;
			knownRegions = (
				en,
				Base,
			);
			mainGroup = 649056EA25E1274100BC6388;
			productRefGroup = 649056F425E1274100BC6388 /* Products */;
			projectDirPath = "";
			projectRoot = "";
			targets = (
				649056F225E1274100BC6388 /* weatherApp */,
			);
		};
/* End PBXProject section */

/* Begin PBXResourcesBuildPhase section */
		649056F125E1274100BC6388 /* Resources */ = {
			isa = PBXResourcesBuildPhase;
			buildActionMask = 2147483647;
			files = (
				6490570325E1274500BC6388 /* LaunchScreen.storyboard in Resources */,
				6490570025E1274500BC6388 /* Assets.xcassets in Resources */,
				649056FE25E1274100BC6388 /* Main.storyboard in Resources */,
			);
			runOnlyForDeploymentPostprocessing = 0;
		};
/* End PBXResourcesBuildPhase section */

/* Begin PBXShellScriptBuildPhase section */
		48B5ECE603765A51C5CEFB98 /* [CP] Check Pods Manifest.lock */ = {
			isa = PBXShellScriptBuildPhase;
			buildActionMask = 2147483647;
			files = (
			);
			inputFileListPaths = (
			);
			inputPaths = (
				"${PODS_PODFILE_DIR_PATH}/Podfile.lock",
				"${PODS_ROOT}/Manifest.lock",
			);
			name = "[CP] Check Pods Manifest.lock";
			outputFileListPaths = (
			);
			outputPaths = (
				"$(DERIVED_FILE_DIR)/Pods-weatherApp-checkManifestLockResult.txt",
			);
			runOnlyForDeploymentPostprocessing = 0;
			shellPath = /bin/sh;
			shellScript = "diff \"${PODS_PODFILE_DIR_PATH}/Podfile.lock\" \"${PODS_ROOT}/Manifest.lock\" > /dev/null\nif [ $? != 0 ] ; then\n    # print error to STDERR\n    echo \"error: The sandbox is not in sync with the Podfile.lock. Run 'pod install' or update your CocoaPods installation.\" >&2\n    exit 1\nfi\n# This output is used by Xcode 'outputs' to avoid re-running this script phase.\necho \"SUCCESS\" > \"${SCRIPT_OUTPUT_FILE_0}\"\n";
			showEnvVarsInLog = 0;
		};
		BFD3C1039EDDDBB22CB985A1 /* [CP] Embed Pods Frameworks */ = {
			isa = PBXShellScriptBuildPhase;
			buildActionMask = 2147483647;
			files = (
			);
			inputFileListPaths = (
				"${PODS_ROOT}/Target Support Files/Pods-weatherApp/Pods-weatherApp-frameworks-${CONFIGURATION}-input-files.xcfilelist",
			);
			name = "[CP] Embed Pods Frameworks";
			outputFileListPaths = (
				"${PODS_ROOT}/Target Support Files/Pods-weatherApp/Pods-weatherApp-frameworks-${CONFIGURATION}-output-files.xcfilelist",
			);
			runOnlyForDeploymentPostprocessing = 0;
			shellPath = /bin/sh;
			shellScript = "\"${PODS_ROOT}/Target Support Files/Pods-weatherApp/Pods-weatherApp-frameworks.sh\"\n";
			showEnvVarsInLog = 0;
		};
/* End PBXShellScriptBuildPhase section */

/* Begin PBXSourcesBuildPhase section */
		649056EF25E1274100BC6388 /* Sources */ = {
			isa = PBXSourcesBuildPhase;
			buildActionMask = 2147483647;
			files = (
				6490571225E1C2FF00BC6388 /* Double+Extensions.swift in Sources */,
				6490571725E1D7CF00BC6388 /* AddCityViewController.swift in Sources */,
				6490571B25E3E0FA00BC6388 /* WeatherDataFailure.swift in Sources */,
				649056FB25E1274100BC6388 /* WeatherViewController.swift in Sources */,
				649056F725E1274100BC6388 /* AppDelegate.swift in Sources */,
				6490570F25E13A0400BC6388 /* WeatherManager.swift in Sources */,
				6490570D25E137EA00BC6388 /* WeatherData.swift in Sources */,
				6490571925E25E2E00BC6388 /* Int+Extensions.swift in Sources */,
				649056F925E1274100BC6388 /* SceneDelegate.swift in Sources */,
			);
			runOnlyForDeploymentPostprocessing = 0;
		};
/* End PBXSourcesBuildPhase section */

/* Begin PBXVariantGroup section */
		649056FC25E1274100BC6388 /* Main.storyboard */ = {
			isa = PBXVariantGroup;
			children = (
				649056FD25E1274100BC6388 /* Base */,
			);
			name = Main.storyboard;
			sourceTree = "<group>";
		};
		6490570125E1274500BC6388 /* LaunchScreen.storyboard */ = {
			isa = PBXVariantGroup;
			children = (
				6490570225E1274500BC6388 /* Base */,
			);
			name = LaunchScreen.storyboard;
			sourceTree = "<group>";
		};
/* End PBXVariantGroup section */

/* Begin XCBuildConfiguration section */
		6490570525E1274500BC6388 /* Debug */ = {
			isa = XCBuildConfiguration;
			buildSettings = {
				ALWAYS_SEARCH_USER_PATHS = NO;
				CLANG_ANALYZER_NONNULL = YES;
				CLANG_ANALYZER_NUMBER_OBJECT_CONVERSION = YES_AGGRESSIVE;
				CLANG_CXX_LANGUAGE_STANDARD = "gnu++14";
				CLANG_CXX_LIBRARY = "libc++";
				CLANG_ENABLE_MODULES = YES;
				CLANG_ENABLE_OBJC_ARC = YES;
				CLANG_ENABLE_OBJC_WEAK = YES;
				CLANG_WARN_BLOCK_CAPTURE_AUTORELEASING = YES;
				CLANG_WARN_BOOL_CONVERSION = YES;
				CLANG_WARN_COMMA = YES;
				CLANG_WARN_CONSTANT_CONVERSION = YES;
				CLANG_WARN_DEPRECATED_OBJC_IMPLEMENTATIONS = YES;
				CLANG_WARN_DIRECT_OBJC_ISA_USAGE = YES_ERROR;
				CLANG_WARN_DOCUMENTATION_COMMENTS = YES;
				CLANG_WARN_EMPTY_BODY = YES;
				CLANG_WARN_ENUM_CONVERSION = YES;
				CLANG_WARN_INFINITE_RECURSION = YES;
				CLANG_WARN_INT_CONVERSION = YES;
				CLANG_WARN_NON_LITERAL_NULL_CONVERSION = YES;
				CLANG_WARN_OBJC_IMPLICIT_RETAIN_SELF = YES;
				CLANG_WARN_OBJC_LITERAL_CONVERSION = YES;
				CLANG_WARN_OBJC_ROOT_CLASS = YES_ERROR;
				CLANG_WARN_RANGE_LOOP_ANALYSIS = YES;
				CLANG_WARN_STRICT_PROTOTYPES = YES;
				CLANG_WARN_SUSPICIOUS_MOVE = YES;
				CLANG_WARN_UNGUARDED_AVAILABILITY = YES_AGGRESSIVE;
				CLANG_WARN_UNREACHABLE_CODE = YES;
				CLANG_WARN__DUPLICATE_METHOD_MATCH = YES;
				COPY_PHASE_STRIP = NO;
				DEBUG_INFORMATION_FORMAT = dwarf;
				ENABLE_STRICT_OBJC_MSGSEND = YES;
				ENABLE_TESTABILITY = YES;
				GCC_C_LANGUAGE_STANDARD = gnu11;
				GCC_DYNAMIC_NO_PIC = NO;
				GCC_NO_COMMON_BLOCKS = YES;
				GCC_OPTIMIZATION_LEVEL = 0;
				GCC_PREPROCESSOR_DEFINITIONS = (
					"DEBUG=1",
					"$(inherited)",
				);
				GCC_WARN_64_TO_32_BIT_CONVERSION = YES;
				GCC_WARN_ABOUT_RETURN_TYPE = YES_ERROR;
				GCC_WARN_UNDECLARED_SELECTOR = YES;
				GCC_WARN_UNINITIALIZED_AUTOS = YES_AGGRESSIVE;
				GCC_WARN_UNUSED_FUNCTION = YES;
				GCC_WARN_UNUSED_VARIABLE = YES;
				IPHONEOS_DEPLOYMENT_TARGET = 13.2;
				MTL_ENABLE_DEBUG_INFO = INCLUDE_SOURCE;
				MTL_FAST_MATH = YES;
				ONLY_ACTIVE_ARCH = YES;
				SDKROOT = iphoneos;
				SWIFT_ACTIVE_COMPILATION_CONDITIONS = DEBUG;
				SWIFT_OPTIMIZATION_LEVEL = "-Onone";
			};
			name = Debug;
		};
		6490570625E1274500BC6388 /* Release */ = {
			isa = XCBuildConfiguration;
			buildSettings = {
				ALWAYS_SEARCH_USER_PATHS = NO;
				CLANG_ANALYZER_NONNULL = YES;
				CLANG_ANALYZER_NUMBER_OBJECT_CONVERSION = YES_AGGRESSIVE;
				CLANG_CXX_LANGUAGE_STANDARD = "gnu++14";
				CLANG_CXX_LIBRARY = "libc++";
				CLANG_ENABLE_MODULES = YES;
				CLANG_ENABLE_OBJC_ARC = YES;
				CLANG_ENABLE_OBJC_WEAK = YES;
				CLANG_WARN_BLOCK_CAPTURE_AUTORELEASING = YES;
				CLANG_WARN_BOOL_CONVERSION = YES;
				CLANG_WARN_COMMA = YES;
				CLANG_WARN_CONSTANT_CONVERSION = YES;
				CLANG_WARN_DEPRECATED_OBJC_IMPLEMENTATIONS = YES;
				CLANG_WARN_DIRECT_OBJC_ISA_USAGE = YES_ERROR;
				CLANG_WARN_DOCUMENTATION_COMMENTS = YES;
				CLANG_WARN_EMPTY_BODY = YES;
				CLANG_WARN_ENUM_CONVERSION = YES;
				CLANG_WARN_INFINITE_RECURSION = YES;
				CLANG_WARN_INT_CONVERSION = YES;
				CLANG_WARN_NON_LITERAL_NULL_CONVERSION = YES;
				CLANG_WARN_OBJC_IMPLICIT_RETAIN_SELF = YES;
				CLANG_WARN_OBJC_LITERAL_CONVERSION = YES;
				CLANG_WARN_OBJC_ROOT_CLASS = YES_ERROR;
				CLANG_WARN_RANGE_LOOP_ANALYSIS = YES;
				CLANG_WARN_STRICT_PROTOTYPES = YES;
				CLANG_WARN_SUSPICIOUS_MOVE = YES;
				CLANG_WARN_UNGUARDED_AVAILABILITY = YES_AGGRESSIVE;
				CLANG_WARN_UNREACHABLE_CODE = YES;
				CLANG_WARN__DUPLICATE_METHOD_MATCH = YES;
				COPY_PHASE_STRIP = NO;
				DEBUG_INFORMATION_FORMAT = "dwarf-with-dsym";
				ENABLE_NS_ASSERTIONS = NO;
				ENABLE_STRICT_OBJC_MSGSEND = YES;
				GCC_C_LANGUAGE_STANDARD = gnu11;
				GCC_NO_COMMON_BLOCKS = YES;
				GCC_WARN_64_TO_32_BIT_CONVERSION = YES;
				GCC_WARN_ABOUT_RETURN_TYPE = YES_ERROR;
				GCC_WARN_UNDECLARED_SELECTOR = YES;
				GCC_WARN_UNINITIALIZED_AUTOS = YES_AGGRESSIVE;
				GCC_WARN_UNUSED_FUNCTION = YES;
				GCC_WARN_UNUSED_VARIABLE = YES;
				IPHONEOS_DEPLOYMENT_TARGET = 13.2;
				MTL_ENABLE_DEBUG_INFO = NO;
				MTL_FAST_MATH = YES;
				SDKROOT = iphoneos;
				SWIFT_COMPILATION_MODE = wholemodule;
				SWIFT_OPTIMIZATION_LEVEL = "-O";
				VALIDATE_PRODUCT = YES;
			};
			name = Release;
		};
		6490570825E1274500BC6388 /* Debug */ = {
			isa = XCBuildConfiguration;
			baseConfigurationReference = 09563DDC29A566964158C442 /* Pods-weatherApp.debug.xcconfig */;
			buildSettings = {
				ASSETCATALOG_COMPILER_APPICON_NAME = AppIcon;
				CODE_SIGN_STYLE = Automatic;
				INFOPLIST_FILE = weatherApp/Info.plist;
				LD_RUNPATH_SEARCH_PATHS = (
					"$(inherited)",
					"@executable_path/Frameworks",
				);
				PRODUCT_BUNDLE_IDENTIFIER = developer.weatherApp;
				PRODUCT_NAME = "Amber Weather";
				SWIFT_VERSION = 5.0;
				TARGETED_DEVICE_FAMILY = "1,2";
			};
			name = Debug;
		};
		6490570925E1274500BC6388 /* Release */ = {
			isa = XCBuildConfiguration;
			baseConfigurationReference = BE8B8601D4F739293D3AECBB /* Pods-weatherApp.release.xcconfig */;
			buildSettings = {
				ASSETCATALOG_COMPILER_APPICON_NAME = AppIcon;
				CODE_SIGN_STYLE = Automatic;
				INFOPLIST_FILE = weatherApp/Info.plist;
				LD_RUNPATH_SEARCH_PATHS = (
					"$(inherited)",
					"@executable_path/Frameworks",
				);
				PRODUCT_BUNDLE_IDENTIFIER = developer.weatherApp;
				PRODUCT_NAME = "Amber Weather";
				SWIFT_VERSION = 5.0;
				TARGETED_DEVICE_FAMILY = "1,2";
			};
			name = Release;
		};
/* End XCBuildConfiguration section */

/* Begin XCConfigurationList section */
		649056EE25E1274100BC6388 /* Build configuration list for PBXProject "weatherApp" */ = {
			isa = XCConfigurationList;
			buildConfigurations = (
				6490570525E1274500BC6388 /* Debug */,
				6490570625E1274500BC6388 /* Release */,
			);
			defaultConfigurationIsVisible = 0;
			defaultConfigurationName = Release;
		};
		6490570725E1274500BC6388 /* Build configuration list for PBXNativeTarget "weatherApp" */ = {
			isa = XCConfigurationList;
			buildConfigurations = (
				6490570825E1274500BC6388 /* Debug */,
				6490570925E1274500BC6388 /* Release */,
			);
			defaultConfigurationIsVisible = 0;
			defaultConfigurationName = Release;
		};
/* End XCConfigurationList section */
	};
	rootObject = 649056EB25E1274100BC6388 /* Project object */;
}
